
Microsoft Visual Studio Solution File, Format Version 12.00
# Visual Studio Version 16
VisualStudioVersion = 16.0.31229.75
MinimumVisualStudioVersion = 10.0.40219.1
Project("{9A19103F-16F7-4668-BE54-9A1E7A4F7556}") = "net-api", "net-api\net-api.csproj", "{E3A0A5C6-0654-4B0B-8E64-1C98534CF443}"
EndProject
Project("{9A19103F-16F7-4668-BE54-9A1E7A4F7556}") = "net-api.Tests", "net-api.Tests\net-api.Tests.csproj", "{760E4563-BBFE-40B0-B53F-2ACF08F62C42}"
EndProject
Global
	GlobalSection(SolutionConfigurationPlatforms) = preSolution
		Debug|Any CPU = Debug|Any CPU
		Release|Any CPU = Release|Any CPU
	EndGlobalSection
	GlobalSection(ProjectConfigurationPlatforms) = postSolution
		{E3A0A5C6-0654-4B0B-8E64-1C98534CF443}.Debug|Any CPU.ActiveCfg = Debug|Any CPU
		{E3A0A5C6-0654-4B0B-8E64-1C98534CF443}.Debug|Any CPU.Build.0 = Debug|Any CPU
		{E3A0A5C6-0654-4B0B-8E64-1C98534CF443}.Release|Any CPU.ActiveCfg = Release|Any CPU
		{E3A0A5C6-0654-4B0B-8E64-1C98534CF443}.Release|Any CPU.Build.0 = Release|Any CPU
		{760E4563-BBFE-40B0-B53F-2ACF08F62C42}.Debug|Any CPU.ActiveCfg = Debug|Any CPU
		{760E4563-BBFE-40B0-B53F-2ACF08F62C42}.Debug|Any CPU.Build.0 = Debug|Any CPU
		{760E4563-BBFE-40B0-B53F-2ACF08F62C42}.Release|Any CPU.ActiveCfg = Release|Any CPU
		{760E4563-BBFE-40B0-B53F-2ACF08F62C42}.Release|Any CPU.Build.0 = Release|Any CPU
	EndGlobalSection
	GlobalSection(SolutionProperties) = preSolution
		HideSolutionNode = FALSE
	EndGlobalSection
	GlobalSection(ExtensibilityGlobals) = postSolution
		SolutionGuid = {8B3B9A8A-D2FE-41CE-8042-E15FF28BC133}
	EndGlobalSection
EndGlobal
